
Microsoft Visual Studio Solution File, Format Version 12.00
# Visual Studio Version 16
VisualStudioVersion = 16.0.31105.61
MinimumVisualStudioVersion = 10.0.40219.1
Project("{9A19103F-16F7-4668-BE54-9A1E7A4F7556}") = "TheFakeShop.Backend", "TheFakeShop.Backend\TheFakeShop.Backend.csproj", "{D51286D2-66CC-43F2-80DC-6B3A8BB740CE}"
EndProject
Project("{9A19103F-16F7-4668-BE54-9A1E7A4F7556}") = "TheFakeShop.Frontend", "TheFakeShop.Frontend\TheFakeShop.Frontend.csproj", "{F7F6C10F-A834-48E0-8D8F-CA91B3D6A3FD}"
EndProject
Project("{9A19103F-16F7-4668-BE54-9A1E7A4F7556}") = "TheFakeShop.IdentityServer", "TheFakeShop.IdentityServer\TheFakeShop.IdentityServer.csproj", "{8DEC4A3B-05DE-4446-841E-EC5A75817A30}"
EndProject
Global
	GlobalSection(SolutionConfigurationPlatforms) = preSolution
		Debug|Any CPU = Debug|Any CPU
		Release|Any CPU = Release|Any CPU
	EndGlobalSection
	GlobalSection(ProjectConfigurationPlatforms) = postSolution
		{D51286D2-66CC-43F2-80DC-6B3A8BB740CE}.Debug|Any CPU.ActiveCfg = Debug|Any CPU
		{D51286D2-66CC-43F2-80DC-6B3A8BB740CE}.Debug|Any CPU.Build.0 = Debug|Any CPU
		{D51286D2-66CC-43F2-80DC-6B3A8BB740CE}.Release|Any CPU.ActiveCfg = Release|Any CPU
		{D51286D2-66CC-43F2-80DC-6B3A8BB740CE}.Release|Any CPU.Build.0 = Release|Any CPU
		{F7F6C10F-A834-48E0-8D8F-CA91B3D6A3FD}.Debug|Any CPU.ActiveCfg = Debug|Any CPU
		{F7F6C10F-A834-48E0-8D8F-CA91B3D6A3FD}.Debug|Any CPU.Build.0 = Debug|Any CPU
		{F7F6C10F-A834-48E0-8D8F-CA91B3D6A3FD}.Release|Any CPU.ActiveCfg = Release|Any CPU
		{F7F6C10F-A834-48E0-8D8F-CA91B3D6A3FD}.Release|Any CPU.Build.0 = Release|Any CPU
		{8DEC4A3B-05DE-4446-841E-EC5A75817A30}.Debug|Any CPU.ActiveCfg = Debug|Any CPU
		{8DEC4A3B-05DE-4446-841E-EC5A75817A30}.Debug|Any CPU.Build.0 = Debug|Any CPU
		{8DEC4A3B-05DE-4446-841E-EC5A75817A30}.Release|Any CPU.ActiveCfg = Release|Any CPU
		{8DEC4A3B-05DE-4446-841E-EC5A75817A30}.Release|Any CPU.Build.0 = Release|Any CPU
	EndGlobalSection
	GlobalSection(SolutionProperties) = preSolution
		HideSolutionNode = FALSE
	EndGlobalSection
	GlobalSection(ExtensibilityGlobals) = postSolution
		SolutionGuid = {48D6486E-DA1F-454E-8D4E-EF2DDD250131}
	EndGlobalSection
EndGlobal
